// !$*UTF8*$!
{
	archiveVersion = 1;
	classes = {
	};
	objectVersion = 55;
	objects = {

/* Begin PBXBuildFile section */
		26DB41F05782BFC456810FB8 /* Pods_MySight.framework in Frameworks */ = {isa = PBXBuildFile; fileRef = FC05C1687F91A3AD66608625 /* Pods_MySight.framework */; };
		80071C34275A9C2D008CC16F /* LocalizedStringKey+Bundle.swift in Sources */ = {isa = PBXBuildFile; fileRef = 80071C33275A9C2D008CC16F /* LocalizedStringKey+Bundle.swift */; };
		80071C36275AA58C008CC16F /* Collection+SafeSubscript.swift in Sources */ = {isa = PBXBuildFile; fileRef = 80071C35275AA58C008CC16F /* Collection+SafeSubscript.swift */; };
		800BAA08275544A50092A478 /* Stacker.swift in Sources */ = {isa = PBXBuildFile; fileRef = 800BAA07275544A50092A478 /* Stacker.swift */; };
		80157F05275CFC5900FCA090 /* CVDProfile+Strings.swift in Sources */ = {isa = PBXBuildFile; fileRef = 80157F04275CFC5900FCA090 /* CVDProfile+Strings.swift */; };
		8045D3BA275163720001DD01 /* Preview Assets.xcassets in Resources */ = {isa = PBXBuildFile; fileRef = 8045D3B9275163720001DD01 /* Preview Assets.xcassets */; };
		80586BAA277F764D007153E3 /* PrivacyPolicy.md in Resources */ = {isa = PBXBuildFile; fileRef = 80586BA9277F764D007153E3 /* PrivacyPolicy.md */; };
		806D823C278207C500AE46E3 /* CondensibleText.swift in Sources */ = {isa = PBXBuildFile; fileRef = 806D823B278207C500AE46E3 /* CondensibleText.swift */; };
		806F8EB32751647C00990F58 /* CVDFilter.swift in Sources */ = {isa = PBXBuildFile; fileRef = 806F8E992751647C00990F58 /* CVDFilter.swift */; };
		806F8EB42751647C00990F58 /* CVDFilter.metal in Sources */ = {isa = PBXBuildFile; fileRef = 806F8E9A2751647C00990F58 /* CVDFilter.metal */; };
		806F8EB52751647C00990F58 /* UserDefaults+CVDProfile.swift in Sources */ = {isa = PBXBuildFile; fileRef = 806F8E9C2751647C00990F58 /* UserDefaults+CVDProfile.swift */; };
		806F8EB62751647C00990F58 /* View+Image.swift in Sources */ = {isa = PBXBuildFile; fileRef = 806F8E9D2751647C00990F58 /* View+Image.swift */; };
		806F8EB72751647C00990F58 /* ConfusionLineView.swift in Sources */ = {isa = PBXBuildFile; fileRef = 806F8E9E2751647C00990F58 /* ConfusionLineView.swift */; };
		806F8EB82751647C00990F58 /* CVDCameraSimulationView.swift in Sources */ = {isa = PBXBuildFile; fileRef = 806F8E9F2751647C00990F58 /* CVDCameraSimulationView.swift */; };
		806F8EB92751647C00990F58 /* MySightApp.swift in Sources */ = {isa = PBXBuildFile; fileRef = 806F8EA02751647C00990F58 /* MySightApp.swift */; };
		806F8EBA2751647C00990F58 /* Color+Assets.swift in Sources */ = {isa = PBXBuildFile; fileRef = 806F8EA12751647C00990F58 /* Color+Assets.swift */; };
		806F8EBB2751647C00990F58 /* UIColor+Hex.swift in Sources */ = {isa = PBXBuildFile; fileRef = 806F8EA22751647C00990F58 /* UIColor+Hex.swift */; };
		806F8EBC2751647C00990F58 /* Color+Hex.swift in Sources */ = {isa = PBXBuildFile; fileRef = 806F8EA32751647C00990F58 /* Color+Hex.swift */; };
		806F8EBD2751647C00990F58 /* ControlPanelView.swift in Sources */ = {isa = PBXBuildFile; fileRef = 806F8EA42751647C00990F58 /* ControlPanelView.swift */; };
		806F8EBE2751647C00990F58 /* CVD.swift in Sources */ = {isa = PBXBuildFile; fileRef = 806F8EA52751647C00990F58 /* CVD.swift */; };
		806F8EBF2751647C00990F58 /* CVDAnalysisView.swift in Sources */ = {isa = PBXBuildFile; fileRef = 806F8EA62751647C00990F58 /* CVDAnalysisView.swift */; };
		806F8EC02751647C00990F58 /* CVDAnalysisViewModel.swift in Sources */ = {isa = PBXBuildFile; fileRef = 806F8EA72751647C00990F58 /* CVDAnalysisViewModel.swift */; };
		806F8EC12751647C00990F58 /* CVDProfileManager.swift in Sources */ = {isa = PBXBuildFile; fileRef = 806F8EA82751647C00990F58 /* CVDProfileManager.swift */; };
		806F8EC22751647C00990F58 /* ImagePicker.swift in Sources */ = {isa = PBXBuildFile; fileRef = 806F8EA92751647C00990F58 /* ImagePicker.swift */; };
		806F8EC32751647C00990F58 /* ConfusionLineArrayView.swift in Sources */ = {isa = PBXBuildFile; fileRef = 806F8EAA2751647C00990F58 /* ConfusionLineArrayView.swift */; };
		806F8EC42751647C00990F58 /* Color+CVD.swift in Sources */ = {isa = PBXBuildFile; fileRef = 806F8EAB2751647C00990F58 /* Color+CVD.swift */; };
		806F8EC52751647C00990F58 /* CameraView.swift in Sources */ = {isa = PBXBuildFile; fileRef = 806F8EAC2751647C00990F58 /* CameraView.swift */; };
		806F8EC62751647C00990F58 /* CVDAnalysisModel.swift in Sources */ = {isa = PBXBuildFile; fileRef = 806F8EAD2751647C00990F58 /* CVDAnalysisModel.swift */; };
		806F8EC82751647C00990F58 /* ConfusionLine.swift in Sources */ = {isa = PBXBuildFile; fileRef = 806F8EAF2751647C00990F58 /* ConfusionLine.swift */; };
		806F8EC92751647C00990F58 /* CVDProfile.swift in Sources */ = {isa = PBXBuildFile; fileRef = 806F8EB02751647C00990F58 /* CVDProfile.swift */; };
		806F8ECA2751647C00990F58 /* ImageView.swift in Sources */ = {isa = PBXBuildFile; fileRef = 806F8EB12751647C00990F58 /* ImageView.swift */; };
		806F8ECB2751647C00990F58 /* ContentView.swift in Sources */ = {isa = PBXBuildFile; fileRef = 806F8EB22751647C00990F58 /* ContentView.swift */; };
		80AC999D277A3869004AD7F9 /* View+DeviceRotation.swift in Sources */ = {isa = PBXBuildFile; fileRef = 80AC999C277A3869004AD7F9 /* View+DeviceRotation.swift */; };
		80AD898427932AF2007B514D /* CondensibleText.swift in Sources */ = {isa = PBXBuildFile; fileRef = 806D823B278207C500AE46E3 /* CondensibleText.swift */; };
		80AD898527932AF2007B514D /* ImageView.swift in Sources */ = {isa = PBXBuildFile; fileRef = 806F8EB12751647C00990F58 /* ImageView.swift */; };
		80AD898627932AF2007B514D /* ContentView.swift in Sources */ = {isa = PBXBuildFile; fileRef = 806F8EB22751647C00990F58 /* ContentView.swift */; };
		80AD898727932AF2007B514D /* View+DeviceRotation.swift in Sources */ = {isa = PBXBuildFile; fileRef = 80AC999C277A3869004AD7F9 /* View+DeviceRotation.swift */; };
		80AD898827932AF2007B514D /* View+Image.swift in Sources */ = {isa = PBXBuildFile; fileRef = 806F8E9D2751647C00990F58 /* View+Image.swift */; };
		80AD898927932AF2007B514D /* Stacker.swift in Sources */ = {isa = PBXBuildFile; fileRef = 800BAA07275544A50092A478 /* Stacker.swift */; };
		80AD898A27932AF2007B514D /* CVDProfileManager.swift in Sources */ = {isa = PBXBuildFile; fileRef = 806F8EA82751647C00990F58 /* CVDProfileManager.swift */; };
		80AD898B27932AF2007B514D /* CVDAnalysisView.swift in Sources */ = {isa = PBXBuildFile; fileRef = 806F8EA62751647C00990F58 /* CVDAnalysisView.swift */; };
		80AD898C27932AF2007B514D /* CVDAnalysisModel.swift in Sources */ = {isa = PBXBuildFile; fileRef = 806F8EAD2751647C00990F58 /* CVDAnalysisModel.swift */; };
		80AD898D27932AF2007B514D /* ConfusionLineView.swift in Sources */ = {isa = PBXBuildFile; fileRef = 806F8E9E2751647C00990F58 /* ConfusionLineView.swift */; };
		80AD898E27932AF2007B514D /* Color+Assets.swift in Sources */ = {isa = PBXBuildFile; fileRef = 806F8EA12751647C00990F58 /* Color+Assets.swift */; };
		80AD898F27932AF2007B514D /* ControlPanelView.swift in Sources */ = {isa = PBXBuildFile; fileRef = 806F8EA42751647C00990F58 /* ControlPanelView.swift */; };
		80AD899027932AF2007B514D /* Collection+SafeSubscript.swift in Sources */ = {isa = PBXBuildFile; fileRef = 80071C35275AA58C008CC16F /* Collection+SafeSubscript.swift */; };
		80AD899127932AF2007B514D /* UIColor+Hex.swift in Sources */ = {isa = PBXBuildFile; fileRef = 806F8EA22751647C00990F58 /* UIColor+Hex.swift */; };
		80AD899227932AF2007B514D /* ConfusionLine.swift in Sources */ = {isa = PBXBuildFile; fileRef = 806F8EAF2751647C00990F58 /* ConfusionLine.swift */; };
		80AD899327932AF2007B514D /* CVD.swift in Sources */ = {isa = PBXBuildFile; fileRef = 806F8EA52751647C00990F58 /* CVD.swift */; };
		80AD899527932AF2007B514D /* LocalizedStringKey+Bundle.swift in Sources */ = {isa = PBXBuildFile; fileRef = 80071C33275A9C2D008CC16F /* LocalizedStringKey+Bundle.swift */; };
		80AD899627932AF2007B514D /* CVDAnalysisViewModel.swift in Sources */ = {isa = PBXBuildFile; fileRef = 806F8EA72751647C00990F58 /* CVDAnalysisViewModel.swift */; };
		80AD899727932AF2007B514D /* Color+Hex.swift in Sources */ = {isa = PBXBuildFile; fileRef = 806F8EA32751647C00990F58 /* Color+Hex.swift */; };
		80AD899827932AF2007B514D /* ConfusionLineArrayView.swift in Sources */ = {isa = PBXBuildFile; fileRef = 806F8EAA2751647C00990F58 /* ConfusionLineArrayView.swift */; };
		80AD899927932AF2007B514D /* UIImage+CVD.swift in Sources */ = {isa = PBXBuildFile; fileRef = 80D68BF02786ECDD00547137 /* UIImage+CVD.swift */; };
		80AD899A27932AF2007B514D /* PreviewDevices.swift in Sources */ = {isa = PBXBuildFile; fileRef = 80B37F5E27568074005BD783 /* PreviewDevices.swift */; };
		80AD899B27932AF2007B514D /* CVDCameraSimulationView.swift in Sources */ = {isa = PBXBuildFile; fileRef = 806F8E9F2751647C00990F58 /* CVDCameraSimulationView.swift */; };
		80AD899C27932AF2007B514D /* CameraView.swift in Sources */ = {isa = PBXBuildFile; fileRef = 806F8EAC2751647C00990F58 /* CameraView.swift */; };
		80AD899D27932AF2007B514D /* CVDFilter.swift in Sources */ = {isa = PBXBuildFile; fileRef = 806F8E992751647C00990F58 /* CVDFilter.swift */; };
		80AD899E27932AF2007B514D /* ImagePicker.swift in Sources */ = {isa = PBXBuildFile; fileRef = 806F8EA92751647C00990F58 /* ImagePicker.swift */; };
		80AD899F27932AF2007B514D /* CVDFilter.metal in Sources */ = {isa = PBXBuildFile; fileRef = 806F8E9A2751647C00990F58 /* CVDFilter.metal */; };
		80AD89A027932AF2007B514D /* CVDProfile.swift in Sources */ = {isa = PBXBuildFile; fileRef = 806F8EB02751647C00990F58 /* CVDProfile.swift */; };
		80AD89A127932AF2007B514D /* CVDProfile+Strings.swift in Sources */ = {isa = PBXBuildFile; fileRef = 80157F04275CFC5900FCA090 /* CVDProfile+Strings.swift */; };
		80AD89A227932AF2007B514D /* UserDefaults+CVDProfile.swift in Sources */ = {isa = PBXBuildFile; fileRef = 806F8E9C2751647C00990F58 /* UserDefaults+CVDProfile.swift */; };
		80AD89A327932AF2007B514D /* Color+CVD.swift in Sources */ = {isa = PBXBuildFile; fileRef = 806F8EAB2751647C00990F58 /* Color+CVD.swift */; };
		80AD89A527932AF2007B514D /* ActivityView in Frameworks */ = {isa = PBXBuildFile; productRef = 80AD898027932AF2007B514D /* ActivityView */; };
		80AD89A627932AF2007B514D /* Pods_MySight.framework in Frameworks */ = {isa = PBXBuildFile; fileRef = FC05C1687F91A3AD66608625 /* Pods_MySight.framework */; };
		80AD89A827932AF2007B514D /* Preview Assets.xcassets in Resources */ = {isa = PBXBuildFile; fileRef = 8045D3B9275163720001DD01 /* Preview Assets.xcassets */; };
		80AD89A927932AF2007B514D /* PrivacyPolicy.md in Resources */ = {isa = PBXBuildFile; fileRef = 80586BA9277F764D007153E3 /* PrivacyPolicy.md */; };
		80AD89AA27932AF2007B514D /* Localizable.strings in Resources */ = {isa = PBXBuildFile; fileRef = 80DBA3512767C513009528DA /* Localizable.strings */; };
		80AD89B72793300C007B514D /* SimulatorCameraView+MySight.swift in Sources */ = {isa = PBXBuildFile; fileRef = 80AD89B62793300C007B514D /* SimulatorCameraView+MySight.swift */; };
		80AD89B92793301E007B514D /* SimulatorCameraView+AppStoreScreenshots.swift in Sources */ = {isa = PBXBuildFile; fileRef = 80AD89B82793301E007B514D /* SimulatorCameraView+AppStoreScreenshots.swift */; };
		80AD89BD27933206007B514D /* Assets.xcassets in Resources */ = {isa = PBXBuildFile; fileRef = 8045D3B6275163720001DD01 /* Assets.xcassets */; };
		80AD89BE2793321B007B514D /* Assets.xcassets in Resources */ = {isa = PBXBuildFile; fileRef = 8045D3B6275163720001DD01 /* Assets.xcassets */; };
		80AD89C027933271007B514D /* AppStoreScreenshots.xcassets in Resources */ = {isa = PBXBuildFile; fileRef = 80AD89BF27933271007B514D /* AppStoreScreenshots.xcassets */; };
		80B37F5F27568074005BD783 /* PreviewDevices.swift in Sources */ = {isa = PBXBuildFile; fileRef = 80B37F5E27568074005BD783 /* PreviewDevices.swift */; };
		80B88B722756A1BC005CBFDA /* ActivityView in Frameworks */ = {isa = PBXBuildFile; productRef = 80B88B712756A1BC005CBFDA /* ActivityView */; };
		80B8BB4A27933752002A57F0 /* AppStoreSceenshotsUITests.swift in Sources */ = {isa = PBXBuildFile; fileRef = 80B8BB4927933752002A57F0 /* AppStoreSceenshotsUITests.swift */; };
		80B8BB53279337D6002A57F0 /* SnapshotHelper.swift in Sources */ = {isa = PBXBuildFile; fileRef = 80B8BB52279337D5002A57F0 /* SnapshotHelper.swift */; };
		80B8BB5827946E0C002A57F0 /* Fastfile in Resources */ = {isa = PBXBuildFile; fileRef = 80B8BB5627946E0C002A57F0 /* Fastfile */; };
		80B8BB5927946E0C002A57F0 /* Appfile in Resources */ = {isa = PBXBuildFile; fileRef = 80B8BB5727946E0C002A57F0 /* Appfile */; };
		80BE3DDE279DBDD90054C91B /* AppStoreScreenshotsApp.swift in Sources */ = {isa = PBXBuildFile; fileRef = 80BE3DDC279DBDD60054C91B /* AppStoreScreenshotsApp.swift */; };
		80BE3DE0279DCBBB0054C91B /* UserDefaults+AppStoreScreenshots.swift in Sources */ = {isa = PBXBuildFile; fileRef = 80BE3DDF279DCBBB0054C91B /* UserDefaults+AppStoreScreenshots.swift */; };
		80D68BF12786ECDD00547137 /* UIImage+CVD.swift in Sources */ = {isa = PBXBuildFile; fileRef = 80D68BF02786ECDD00547137 /* UIImage+CVD.swift */; };
		80DBA34F2767C513009528DA /* Localizable.strings in Resources */ = {isa = PBXBuildFile; fileRef = 80DBA3512767C513009528DA /* Localizable.strings */; };
/* End PBXBuildFile section */

/* Begin PBXContainerItemProxy section */
		80B8BB4D27933752002A57F0 /* PBXContainerItemProxy */ = {
			isa = PBXContainerItemProxy;
			containerPortal = 8045D3A7275163700001DD01 /* Project object */;
			proxyType = 1;
			remoteGlobalIDString = 80AD897F27932AF2007B514D;
			remoteInfo = AppStoreSceenshots;
		};
		80C2A2922794814C00320C26 /* PBXContainerItemProxy */ = {
			isa = PBXContainerItemProxy;
			containerPortal = 8045D3A7275163700001DD01 /* Project object */;
			proxyType = 1;
			remoteGlobalIDString = 8045D3AE275163700001DD01;
			remoteInfo = MySight;
		};
/* End PBXContainerItemProxy section */

/* Begin PBXFileReference section */
		596C8B18EB3216F8C1BB6BF9 /* Pods-MySight.debug.xcconfig */ = {isa = PBXFileReference; includeInIndex = 1; lastKnownFileType = text.xcconfig; name = "Pods-MySight.debug.xcconfig"; path = "Target Support Files/Pods-MySight/Pods-MySight.debug.xcconfig"; sourceTree = "<group>"; };
		80071C33275A9C2D008CC16F /* LocalizedStringKey+Bundle.swift */ = {isa = PBXFileReference; lastKnownFileType = sourcecode.swift; path = "LocalizedStringKey+Bundle.swift"; sourceTree = "<group>"; };
		80071C35275AA58C008CC16F /* Collection+SafeSubscript.swift */ = {isa = PBXFileReference; lastKnownFileType = sourcecode.swift; path = "Collection+SafeSubscript.swift"; sourceTree = "<group>"; };
		800BAA07275544A50092A478 /* Stacker.swift */ = {isa = PBXFileReference; lastKnownFileType = sourcecode.swift; path = Stacker.swift; sourceTree = "<group>"; };
		80157F04275CFC5900FCA090 /* CVDProfile+Strings.swift */ = {isa = PBXFileReference; lastKnownFileType = sourcecode.swift; path = "CVDProfile+Strings.swift"; sourceTree = "<group>"; };
		8040BC0A2799E8AB0021CB53 /* keyword.strings */ = {isa = PBXFileReference; lastKnownFileType = text.plist.strings; path = keyword.strings; sourceTree = "<group>"; };
		8040BC0B2799E8AB0021CB53 /* title.strings */ = {isa = PBXFileReference; lastKnownFileType = text.plist.strings; path = title.strings; sourceTree = "<group>"; };
		8045D3AF275163700001DD01 /* MySight.app */ = {isa = PBXFileReference; explicitFileType = wrapper.application; includeInIndex = 0; path = MySight.app; sourceTree = BUILT_PRODUCTS_DIR; };
		8045D3B6275163720001DD01 /* Assets.xcassets */ = {isa = PBXFileReference; lastKnownFileType = folder.assetcatalog; path = Assets.xcassets; sourceTree = "<group>"; };
		8045D3B9275163720001DD01 /* Preview Assets.xcassets */ = {isa = PBXFileReference; lastKnownFileType = folder.assetcatalog; path = "Preview Assets.xcassets"; sourceTree = "<group>"; };
		80586BA9277F764D007153E3 /* PrivacyPolicy.md */ = {isa = PBXFileReference; fileEncoding = 4; lastKnownFileType = net.daringfireball.markdown; path = PrivacyPolicy.md; sourceTree = "<group>"; };
		806D823B278207C500AE46E3 /* CondensibleText.swift */ = {isa = PBXFileReference; lastKnownFileType = sourcecode.swift; path = CondensibleText.swift; sourceTree = "<group>"; };
		806F8E992751647C00990F58 /* CVDFilter.swift */ = {isa = PBXFileReference; fileEncoding = 4; lastKnownFileType = sourcecode.swift; path = CVDFilter.swift; sourceTree = "<group>"; };
		806F8E9A2751647C00990F58 /* CVDFilter.metal */ = {isa = PBXFileReference; fileEncoding = 4; lastKnownFileType = sourcecode.metal; path = CVDFilter.metal; sourceTree = "<group>"; };
		806F8E9C2751647C00990F58 /* UserDefaults+CVDProfile.swift */ = {isa = PBXFileReference; fileEncoding = 4; lastKnownFileType = sourcecode.swift; path = "UserDefaults+CVDProfile.swift"; sourceTree = "<group>"; };
		806F8E9D2751647C00990F58 /* View+Image.swift */ = {isa = PBXFileReference; fileEncoding = 4; lastKnownFileType = sourcecode.swift; path = "View+Image.swift"; sourceTree = "<group>"; };
		806F8E9E2751647C00990F58 /* ConfusionLineView.swift */ = {isa = PBXFileReference; fileEncoding = 4; lastKnownFileType = sourcecode.swift; path = ConfusionLineView.swift; sourceTree = "<group>"; };
		806F8E9F2751647C00990F58 /* CVDCameraSimulationView.swift */ = {isa = PBXFileReference; fileEncoding = 4; lastKnownFileType = sourcecode.swift; path = CVDCameraSimulationView.swift; sourceTree = "<group>"; };
		806F8EA02751647C00990F58 /* MySightApp.swift */ = {isa = PBXFileReference; fileEncoding = 4; lastKnownFileType = sourcecode.swift; path = MySightApp.swift; sourceTree = "<group>"; };
		806F8EA12751647C00990F58 /* Color+Assets.swift */ = {isa = PBXFileReference; fileEncoding = 4; lastKnownFileType = sourcecode.swift; path = "Color+Assets.swift"; sourceTree = "<group>"; };
		806F8EA22751647C00990F58 /* UIColor+Hex.swift */ = {isa = PBXFileReference; fileEncoding = 4; lastKnownFileType = sourcecode.swift; path = "UIColor+Hex.swift"; sourceTree = "<group>"; };
		806F8EA32751647C00990F58 /* Color+Hex.swift */ = {isa = PBXFileReference; fileEncoding = 4; lastKnownFileType = sourcecode.swift; path = "Color+Hex.swift"; sourceTree = "<group>"; };
		806F8EA42751647C00990F58 /* ControlPanelView.swift */ = {isa = PBXFileReference; fileEncoding = 4; lastKnownFileType = sourcecode.swift; path = ControlPanelView.swift; sourceTree = "<group>"; };
		806F8EA52751647C00990F58 /* CVD.swift */ = {isa = PBXFileReference; fileEncoding = 4; lastKnownFileType = sourcecode.swift; path = CVD.swift; sourceTree = "<group>"; };
		806F8EA62751647C00990F58 /* CVDAnalysisView.swift */ = {isa = PBXFileReference; fileEncoding = 4; lastKnownFileType = sourcecode.swift; path = CVDAnalysisView.swift; sourceTree = "<group>"; };
		806F8EA72751647C00990F58 /* CVDAnalysisViewModel.swift */ = {isa = PBXFileReference; fileEncoding = 4; lastKnownFileType = sourcecode.swift; path = CVDAnalysisViewModel.swift; sourceTree = "<group>"; };
		806F8EA82751647C00990F58 /* CVDProfileManager.swift */ = {isa = PBXFileReference; fileEncoding = 4; lastKnownFileType = sourcecode.swift; path = CVDProfileManager.swift; sourceTree = "<group>"; };
		806F8EA92751647C00990F58 /* ImagePicker.swift */ = {isa = PBXFileReference; fileEncoding = 4; lastKnownFileType = sourcecode.swift; path = ImagePicker.swift; sourceTree = "<group>"; };
		806F8EAA2751647C00990F58 /* ConfusionLineArrayView.swift */ = {isa = PBXFileReference; fileEncoding = 4; lastKnownFileType = sourcecode.swift; path = ConfusionLineArrayView.swift; sourceTree = "<group>"; };
		806F8EAB2751647C00990F58 /* Color+CVD.swift */ = {isa = PBXFileReference; fileEncoding = 4; lastKnownFileType = sourcecode.swift; path = "Color+CVD.swift"; sourceTree = "<group>"; };
		806F8EAC2751647C00990F58 /* CameraView.swift */ = {isa = PBXFileReference; fileEncoding = 4; lastKnownFileType = sourcecode.swift; path = CameraView.swift; sourceTree = "<group>"; };
		806F8EAD2751647C00990F58 /* CVDAnalysisModel.swift */ = {isa = PBXFileReference; fileEncoding = 4; lastKnownFileType = sourcecode.swift; path = CVDAnalysisModel.swift; sourceTree = "<group>"; };
		806F8EAF2751647C00990F58 /* ConfusionLine.swift */ = {isa = PBXFileReference; fileEncoding = 4; lastKnownFileType = sourcecode.swift; path = ConfusionLine.swift; sourceTree = "<group>"; };
		806F8EB02751647C00990F58 /* CVDProfile.swift */ = {isa = PBXFileReference; fileEncoding = 4; lastKnownFileType = sourcecode.swift; path = CVDProfile.swift; sourceTree = "<group>"; };
		806F8EB12751647C00990F58 /* ImageView.swift */ = {isa = PBXFileReference; fileEncoding = 4; lastKnownFileType = sourcecode.swift; path = ImageView.swift; sourceTree = "<group>"; };
		806F8EB22751647C00990F58 /* ContentView.swift */ = {isa = PBXFileReference; fileEncoding = 4; lastKnownFileType = sourcecode.swift; path = ContentView.swift; sourceTree = "<group>"; };
		80AC999C277A3869004AD7F9 /* View+DeviceRotation.swift */ = {isa = PBXFileReference; lastKnownFileType = sourcecode.swift; path = "View+DeviceRotation.swift"; sourceTree = "<group>"; };
		80ACEB86279778FF0000F093 /* en-US */ = {isa = PBXFileReference; lastKnownFileType = text.plist.strings; name = "en-US"; path = "en-US.lproj/Localizable.strings"; sourceTree = "<group>"; };
		80AD89B127932AF2007B514D /* AppStoreScreenshots.app */ = {isa = PBXFileReference; explicitFileType = wrapper.application; includeInIndex = 0; path = AppStoreScreenshots.app; sourceTree = BUILT_PRODUCTS_DIR; };
		80AD89B62793300C007B514D /* SimulatorCameraView+MySight.swift */ = {isa = PBXFileReference; lastKnownFileType = sourcecode.swift; path = "SimulatorCameraView+MySight.swift"; sourceTree = "<group>"; };
		80AD89B82793301E007B514D /* SimulatorCameraView+AppStoreScreenshots.swift */ = {isa = PBXFileReference; lastKnownFileType = sourcecode.swift; path = "SimulatorCameraView+AppStoreScreenshots.swift"; sourceTree = "<group>"; };
		80AD89BF27933271007B514D /* AppStoreScreenshots.xcassets */ = {isa = PBXFileReference; lastKnownFileType = folder.assetcatalog; path = AppStoreScreenshots.xcassets; sourceTree = "<group>"; };
		80B37F5E27568074005BD783 /* PreviewDevices.swift */ = {isa = PBXFileReference; lastKnownFileType = sourcecode.swift; path = PreviewDevices.swift; sourceTree = "<group>"; };
		80B8BB4727933752002A57F0 /* AppStoreScreenshotsUITests.xctest */ = {isa = PBXFileReference; explicitFileType = wrapper.cfbundle; includeInIndex = 0; path = AppStoreScreenshotsUITests.xctest; sourceTree = BUILT_PRODUCTS_DIR; };
		80B8BB4927933752002A57F0 /* AppStoreSceenshotsUITests.swift */ = {isa = PBXFileReference; lastKnownFileType = sourcecode.swift; path = AppStoreSceenshotsUITests.swift; sourceTree = "<group>"; };
		80B8BB52279337D5002A57F0 /* SnapshotHelper.swift */ = {isa = PBXFileReference; fileEncoding = 4; lastKnownFileType = sourcecode.swift; path = SnapshotHelper.swift; sourceTree = "<group>"; };
		80B8BB5527946C4E002A57F0 /* Snapfile */ = {isa = PBXFileReference; explicitFileType = text.script.ruby; path = Snapfile; sourceTree = "<group>"; };
		80B8BB5627946E0C002A57F0 /* Fastfile */ = {isa = PBXFileReference; explicitFileType = text.script.ruby; fileEncoding = 4; path = Fastfile; sourceTree = "<group>"; };
		80B8BB5727946E0C002A57F0 /* Appfile */ = {isa = PBXFileReference; fileEncoding = 4; lastKnownFileType = text; path = Appfile; sourceTree = "<group>"; };
		80BE3DDC279DBDD60054C91B /* AppStoreScreenshotsApp.swift */ = {isa = PBXFileReference; lastKnownFileType = sourcecode.swift; path = AppStoreScreenshotsApp.swift; sourceTree = "<group>"; };
		80BE3DDF279DCBBB0054C91B /* UserDefaults+AppStoreScreenshots.swift */ = {isa = PBXFileReference; lastKnownFileType = sourcecode.swift; path = "UserDefaults+AppStoreScreenshots.swift"; sourceTree = "<group>"; };
		80C2A296279498BE00320C26 /* Framefile.json */ = {isa = PBXFileReference; lastKnownFileType = text.json; path = Framefile.json; sourceTree = "<group>"; };
		80C2A2A2279498BE00320C26 /* AvenirNextLTPro-Bold.otf */ = {isa = PBXFileReference; lastKnownFileType = file; path = "AvenirNextLTPro-Bold.otf"; sourceTree = "<group>"; };
		80C2A2A3279498BE00320C26 /* AvenirNextLTPro-It.otf */ = {isa = PBXFileReference; lastKnownFileType = file; path = "AvenirNextLTPro-It.otf"; sourceTree = "<group>"; };
		80C2A2A4279498BE00320C26 /* AvenirNextLTPro-Regular.otf */ = {isa = PBXFileReference; lastKnownFileType = file; path = "AvenirNextLTPro-Regular.otf"; sourceTree = "<group>"; };
		80C2A2A72794AD1900320C26 /* title.strings */ = {isa = PBXFileReference; lastKnownFileType = text.plist.strings; path = title.strings; sourceTree = "<group>"; };
		80C2A2A82794AD1900320C26 /* keyword.strings */ = {isa = PBXFileReference; lastKnownFileType = text.plist.strings; path = keyword.strings; sourceTree = "<group>"; };
		80D68BF02786ECDD00547137 /* UIImage+CVD.swift */ = {isa = PBXFileReference; lastKnownFileType = sourcecode.swift; path = "UIImage+CVD.swift"; sourceTree = "<group>"; };
		80DBA3502767C513009528DA /* en-GB */ = {isa = PBXFileReference; lastKnownFileType = text.plist.strings; name = "en-GB"; path = "en-GB.lproj/Localizable.strings"; sourceTree = "<group>"; };
		80DBA3522767C520009528DA /* en */ = {isa = PBXFileReference; lastKnownFileType = text.plist.strings; name = en; path = en.lproj/Localizable.strings; sourceTree = "<group>"; };
		8B5210B0E2110E825A51CFBD /* Pods-MySight.release.xcconfig */ = {isa = PBXFileReference; includeInIndex = 1; lastKnownFileType = text.xcconfig; name = "Pods-MySight.release.xcconfig"; path = "Target Support Files/Pods-MySight/Pods-MySight.release.xcconfig"; sourceTree = "<group>"; };
		FC05C1687F91A3AD66608625 /* Pods_MySight.framework */ = {isa = PBXFileReference; explicitFileType = wrapper.framework; includeInIndex = 0; path = Pods_MySight.framework; sourceTree = BUILT_PRODUCTS_DIR; };
/* End PBXFileReference section */

/* Begin PBXFrameworksBuildPhase section */
		8045D3AC275163700001DD01 /* Frameworks */ = {
			isa = PBXFrameworksBuildPhase;
			buildActionMask = 2147483647;
			files = (
				80B88B722756A1BC005CBFDA /* ActivityView in Frameworks */,
				26DB41F05782BFC456810FB8 /* Pods_MySight.framework in Frameworks */,
			);
			runOnlyForDeploymentPostprocessing = 0;
		};
		80AD89A427932AF2007B514D /* Frameworks */ = {
			isa = PBXFrameworksBuildPhase;
			buildActionMask = 2147483647;
			files = (
				80AD89A527932AF2007B514D /* ActivityView in Frameworks */,
				80AD89A627932AF2007B514D /* Pods_MySight.framework in Frameworks */,
			);
			runOnlyForDeploymentPostprocessing = 0;
		};
		80B8BB4427933752002A57F0 /* Frameworks */ = {
			isa = PBXFrameworksBuildPhase;
			buildActionMask = 2147483647;
			files = (
			);
			runOnlyForDeploymentPostprocessing = 0;
		};
/* End PBXFrameworksBuildPhase section */

/* Begin PBXGroup section */
		1F4CE7C7A77E31A9057D6C0F /* Pods */ = {
			isa = PBXGroup;
			children = (
				596C8B18EB3216F8C1BB6BF9 /* Pods-MySight.debug.xcconfig */,
				8B5210B0E2110E825A51CFBD /* Pods-MySight.release.xcconfig */,
			);
			path = Pods;
			sourceTree = "<group>";
		};
		8040BC092799E8AB0021CB53 /* en-US */ = {
			isa = PBXGroup;
			children = (
				8040BC0A2799E8AB0021CB53 /* keyword.strings */,
				8040BC0B2799E8AB0021CB53 /* title.strings */,
			);
			path = "en-US";
			sourceTree = "<group>";
		};
		8045D3A6275163700001DD01 = {
			isa = PBXGroup;
			children = (
				80586BA8277F7629007153E3 /* Docs */,
				80B8BB5427946C4E002A57F0 /* fastlane */,
				8045D3B1275163700001DD01 /* MySight */,
				80B8BB4827933752002A57F0 /* AppStoreSceenshotsUITests */,
				8045D3B0275163700001DD01 /* Products */,
				1F4CE7C7A77E31A9057D6C0F /* Pods */,
				8EF7B16E50B041A6D923AE0D /* Frameworks */,
			);
			sourceTree = "<group>";
		};
		8045D3B0275163700001DD01 /* Products */ = {
			isa = PBXGroup;
			children = (
				8045D3AF275163700001DD01 /* MySight.app */,
				80AD89B127932AF2007B514D /* AppStoreScreenshots.app */,
				80B8BB4727933752002A57F0 /* AppStoreScreenshotsUITests.xctest */,
			);
			name = Products;
			sourceTree = "<group>";
		};
		8045D3B1275163700001DD01 /* MySight */ = {
			isa = PBXGroup;
			children = (
				80DBA3512767C513009528DA /* Localizable.strings */,
				806F8E982751647C00990F58 /* ImageFilters */,
				806F8E9B2751647C00990F58 /* Sources */,
				8045D3B6275163720001DD01 /* Assets.xcassets */,
				80AD89BF27933271007B514D /* AppStoreScreenshots.xcassets */,
				8045D3B8275163720001DD01 /* Preview Content */,
			);
			path = MySight;
			sourceTree = "<group>";
		};
		8045D3B8275163720001DD01 /* Preview Content */ = {
			isa = PBXGroup;
			children = (
				8045D3B9275163720001DD01 /* Preview Assets.xcassets */,
			);
			path = "Preview Content";
			sourceTree = "<group>";
		};
		80586BA8277F7629007153E3 /* Docs */ = {
			isa = PBXGroup;
			children = (
				80586BA9277F764D007153E3 /* PrivacyPolicy.md */,
			);
			path = Docs;
			sourceTree = "<group>";
		};
		806F8E982751647C00990F58 /* ImageFilters */ = {
			isa = PBXGroup;
			children = (
				806F8E992751647C00990F58 /* CVDFilter.swift */,
				806F8E9A2751647C00990F58 /* CVDFilter.metal */,
			);
			path = ImageFilters;
			sourceTree = "<group>";
		};
		806F8E9B2751647C00990F58 /* Sources */ = {
			isa = PBXGroup;
			children = (
				80BE3DDC279DBDD60054C91B /* AppStoreScreenshotsApp.swift */,
				806F8EAC2751647C00990F58 /* CameraView.swift */,
				80071C35275AA58C008CC16F /* Collection+SafeSubscript.swift */,
				806F8EA12751647C00990F58 /* Color+Assets.swift */,
				806F8EAB2751647C00990F58 /* Color+CVD.swift */,
				806F8EA32751647C00990F58 /* Color+Hex.swift */,
				806D823B278207C500AE46E3 /* CondensibleText.swift */,
				806F8EAF2751647C00990F58 /* ConfusionLine.swift */,
				806F8EAA2751647C00990F58 /* ConfusionLineArrayView.swift */,
				806F8E9E2751647C00990F58 /* ConfusionLineView.swift */,
				806F8EB22751647C00990F58 /* ContentView.swift */,
				806F8EA42751647C00990F58 /* ControlPanelView.swift */,
				806F8EA52751647C00990F58 /* CVD.swift */,
				806F8EAD2751647C00990F58 /* CVDAnalysisModel.swift */,
				806F8EA62751647C00990F58 /* CVDAnalysisView.swift */,
				806F8EA72751647C00990F58 /* CVDAnalysisViewModel.swift */,
				806F8E9F2751647C00990F58 /* CVDCameraSimulationView.swift */,
				806F8EB02751647C00990F58 /* CVDProfile.swift */,
				80157F04275CFC5900FCA090 /* CVDProfile+Strings.swift */,
				806F8EA82751647C00990F58 /* CVDProfileManager.swift */,
				806F8EA92751647C00990F58 /* ImagePicker.swift */,
				806F8EB12751647C00990F58 /* ImageView.swift */,
				80071C33275A9C2D008CC16F /* LocalizedStringKey+Bundle.swift */,
				806F8EA02751647C00990F58 /* MySightApp.swift */,
				80B37F5E27568074005BD783 /* PreviewDevices.swift */,
				80AD89B82793301E007B514D /* SimulatorCameraView+AppStoreScreenshots.swift */,
				80AD89B62793300C007B514D /* SimulatorCameraView+MySight.swift */,
				800BAA07275544A50092A478 /* Stacker.swift */,
				806F8EA22751647C00990F58 /* UIColor+Hex.swift */,
				80D68BF02786ECDD00547137 /* UIImage+CVD.swift */,
				80BE3DDF279DCBBB0054C91B /* UserDefaults+AppStoreScreenshots.swift */,
				806F8E9C2751647C00990F58 /* UserDefaults+CVDProfile.swift */,
				80AC999C277A3869004AD7F9 /* View+DeviceRotation.swift */,
				806F8E9D2751647C00990F58 /* View+Image.swift */,
			);
			path = Sources;
			sourceTree = "<group>";
		};
		80B8BB4827933752002A57F0 /* AppStoreSceenshotsUITests */ = {
			isa = PBXGroup;
			children = (
				80B8BB4927933752002A57F0 /* AppStoreSceenshotsUITests.swift */,
				80B8BB52279337D5002A57F0 /* SnapshotHelper.swift */,
			);
			path = AppStoreSceenshotsUITests;
			sourceTree = "<group>";
		};
		80B8BB5427946C4E002A57F0 /* fastlane */ = {
			isa = PBXGroup;
			children = (
				80C2A294279498BE00320C26 /* screenshots */,
				80B8BB5727946E0C002A57F0 /* Appfile */,
				80B8BB5627946E0C002A57F0 /* Fastfile */,
				80B8BB5527946C4E002A57F0 /* Snapfile */,
			);
			path = fastlane;
			sourceTree = "<group>";
		};
		80C2A294279498BE00320C26 /* screenshots */ = {
			isa = PBXGroup;
			children = (
				80C2A2A62794AD1900320C26 /* en-GB */,
				8040BC092799E8AB0021CB53 /* en-US */,
				80C2A2A1279498BE00320C26 /* fonts */,
				80C2A296279498BE00320C26 /* Framefile.json */,
			);
			path = screenshots;
			sourceTree = "<group>";
		};
		80C2A2A1279498BE00320C26 /* fonts */ = {
			isa = PBXGroup;
			children = (
				80C2A2A2279498BE00320C26 /* AvenirNextLTPro-Bold.otf */,
				80C2A2A3279498BE00320C26 /* AvenirNextLTPro-It.otf */,
				80C2A2A4279498BE00320C26 /* AvenirNextLTPro-Regular.otf */,
			);
			path = fonts;
			sourceTree = "<group>";
		};
		80C2A2A62794AD1900320C26 /* en-GB */ = {
			isa = PBXGroup;
			children = (
				80C2A2A82794AD1900320C26 /* keyword.strings */,
				80C2A2A72794AD1900320C26 /* title.strings */,
			);
			path = "en-GB";
			sourceTree = "<group>";
		};
		8EF7B16E50B041A6D923AE0D /* Frameworks */ = {
			isa = PBXGroup;
			children = (
				FC05C1687F91A3AD66608625 /* Pods_MySight.framework */,
			);
			name = Frameworks;
			sourceTree = "<group>";
		};
/* End PBXGroup section */

/* Begin PBXNativeTarget section */
		8045D3AE275163700001DD01 /* MySight */ = {
			isa = PBXNativeTarget;
			buildConfigurationList = 8045D3BD275163720001DD01 /* Build configuration list for PBXNativeTarget "MySight" */;
			buildPhases = (
				21322F62AD58B14DB771A853 /* [CP] Check Pods Manifest.lock */,
				8045D3AB275163700001DD01 /* Sources */,
				8045D3AC275163700001DD01 /* Frameworks */,
				8045D3AD275163700001DD01 /* Resources */,
				8208F047959BF37D589A1199 /* [CP] Embed Pods Frameworks */,
				802F3B6727519D6D00813283 /* Bump build number */,
			);
			buildRules = (
			);
			dependencies = (
			);
			name = MySight;
			packageProductDependencies = (
				80B88B712756A1BC005CBFDA /* ActivityView */,
			);
			productName = MySight;
			productReference = 8045D3AF275163700001DD01 /* MySight.app */;
			productType = "com.apple.product-type.application";
		};
		80AD897F27932AF2007B514D /* AppStoreScreenshots */ = {
			isa = PBXNativeTarget;
			buildConfigurationList = 80AD89AE27932AF2007B514D /* Build configuration list for PBXNativeTarget "AppStoreScreenshots" */;
			buildPhases = (
				80AD898227932AF2007B514D /* [CP] Check Pods Manifest.lock */,
				80AD898327932AF2007B514D /* Sources */,
				80AD89A427932AF2007B514D /* Frameworks */,
				80AD89A727932AF2007B514D /* Resources */,
				80AD89AC27932AF2007B514D /* [CP] Embed Pods Frameworks */,
			);
			buildRules = (
			);
			dependencies = (
			);
			name = AppStoreScreenshots;
			packageProductDependencies = (
				80AD898027932AF2007B514D /* ActivityView */,
			);
			productName = MySight;
			productReference = 80AD89B127932AF2007B514D /* AppStoreScreenshots.app */;
			productType = "com.apple.product-type.application";
		};
		80B8BB4627933752002A57F0 /* AppStoreScreenshotsUITests */ = {
			isa = PBXNativeTarget;
			buildConfigurationList = 80B8BB5127933752002A57F0 /* Build configuration list for PBXNativeTarget "AppStoreScreenshotsUITests" */;
			buildPhases = (
				80B8BB4327933752002A57F0 /* Sources */,
				80B8BB4427933752002A57F0 /* Frameworks */,
				80B8BB4527933752002A57F0 /* Resources */,
			);
			buildRules = (
			);
			dependencies = (
				80B8BB4E27933752002A57F0 /* PBXTargetDependency */,
				80C2A2932794814C00320C26 /* PBXTargetDependency */,
			);
			name = AppStoreScreenshotsUITests;
			productName = AppStoreSceenshotsUITests;
			productReference = 80B8BB4727933752002A57F0 /* AppStoreScreenshotsUITests.xctest */;
			productType = "com.apple.product-type.bundle.ui-testing";
		};
/* End PBXNativeTarget section */

/* Begin PBXProject section */
		8045D3A7275163700001DD01 /* Project object */ = {
			isa = PBXProject;
			attributes = {
				BuildIndependentTargetsInParallel = 1;
				LastSwiftUpdateCheck = 1310;
				LastUpgradeCheck = 1310;
				TargetAttributes = {
					8045D3AE275163700001DD01 = {
						CreatedOnToolsVersion = 13.1;
					};
					80B8BB4627933752002A57F0 = {
						CreatedOnToolsVersion = 13.1;
						TestTargetID = 80AD897F27932AF2007B514D;
					};
				};
			};
			buildConfigurationList = 8045D3AA275163700001DD01 /* Build configuration list for PBXProject "MySight" */;
			compatibilityVersion = "Xcode 13.0";
			developmentRegion = en;
			hasScannedForEncodings = 0;
			knownRegions = (
				en,
				"en-GB",
				Base,
				"en-US",
			);
			mainGroup = 8045D3A6275163700001DD01;
			packageReferences = (
				80B88B702756A1BC005CBFDA /* XCRemoteSwiftPackageReference "ActivityView" */,
			);
			productRefGroup = 8045D3B0275163700001DD01 /* Products */;
			projectDirPath = "";
			projectRoot = "";
			targets = (
				8045D3AE275163700001DD01 /* MySight */,
				80AD897F27932AF2007B514D /* AppStoreScreenshots */,
				80B8BB4627933752002A57F0 /* AppStoreScreenshotsUITests */,
			);
		};
/* End PBXProject section */

/* Begin PBXResourcesBuildPhase section */
		8045D3AD275163700001DD01 /* Resources */ = {
			isa = PBXResourcesBuildPhase;
			buildActionMask = 2147483647;
			files = (
				8045D3BA275163720001DD01 /* Preview Assets.xcassets in Resources */,
				80586BAA277F764D007153E3 /* PrivacyPolicy.md in Resources */,
				80AD89BE2793321B007B514D /* Assets.xcassets in Resources */,
				80DBA34F2767C513009528DA /* Localizable.strings in Resources */,
			);
			runOnlyForDeploymentPostprocessing = 0;
		};
		80AD89A727932AF2007B514D /* Resources */ = {
			isa = PBXResourcesBuildPhase;
			buildActionMask = 2147483647;
			files = (
				80AD89A827932AF2007B514D /* Preview Assets.xcassets in Resources */,
				80AD89A927932AF2007B514D /* PrivacyPolicy.md in Resources */,
				80AD89BD27933206007B514D /* Assets.xcassets in Resources */,
				80AD89AA27932AF2007B514D /* Localizable.strings in Resources */,
				80AD89C027933271007B514D /* AppStoreScreenshots.xcassets in Resources */,
			);
			runOnlyForDeploymentPostprocessing = 0;
		};
		80B8BB4527933752002A57F0 /* Resources */ = {
			isa = PBXResourcesBuildPhase;
			buildActionMask = 2147483647;
			files = (
				80B8BB5927946E0C002A57F0 /* Appfile in Resources */,
				80B8BB5827946E0C002A57F0 /* Fastfile in Resources */,
			);
			runOnlyForDeploymentPostprocessing = 0;
		};
/* End PBXResourcesBuildPhase section */

/* Begin PBXShellScriptBuildPhase section */
		21322F62AD58B14DB771A853 /* [CP] Check Pods Manifest.lock */ = {
			isa = PBXShellScriptBuildPhase;
			buildActionMask = 2147483647;
			files = (
			);
			inputFileListPaths = (
			);
			inputPaths = (
				"${PODS_PODFILE_DIR_PATH}/Podfile.lock",
				"${PODS_ROOT}/Manifest.lock",
			);
			name = "[CP] Check Pods Manifest.lock";
			outputFileListPaths = (
			);
			outputPaths = (
				"$(DERIVED_FILE_DIR)/Pods-MySight-checkManifestLockResult.txt",
			);
			runOnlyForDeploymentPostprocessing = 0;
			shellPath = /bin/sh;
			shellScript = "diff \"${PODS_PODFILE_DIR_PATH}/Podfile.lock\" \"${PODS_ROOT}/Manifest.lock\" > /dev/null\nif [ $? != 0 ] ; then\n    # print error to STDERR\n    echo \"error: The sandbox is not in sync with the Podfile.lock. Run 'pod install' or update your CocoaPods installation.\" >&2\n    exit 1\nfi\n# This output is used by Xcode 'outputs' to avoid re-running this script phase.\necho \"SUCCESS\" > \"${SCRIPT_OUTPUT_FILE_0}\"\n";
			showEnvVarsInLog = 0;
		};
		802F3B6727519D6D00813283 /* Bump build number */ = {
			isa = PBXShellScriptBuildPhase;
			buildActionMask = 8;
			files = (
			);
			inputFileListPaths = (
			);
			inputPaths = (
			);
			name = "Bump build number";
			outputFileListPaths = (
			);
			outputPaths = (
			);
			runOnlyForDeploymentPostprocessing = 1;
			shellPath = /bin/sh;
			shellScript = "agvtool bump\n";
		};
		80AD898227932AF2007B514D /* [CP] Check Pods Manifest.lock */ = {
			isa = PBXShellScriptBuildPhase;
			buildActionMask = 2147483647;
			files = (
			);
			inputFileListPaths = (
			);
			inputPaths = (
				"${PODS_PODFILE_DIR_PATH}/Podfile.lock",
				"${PODS_ROOT}/Manifest.lock",
			);
			name = "[CP] Check Pods Manifest.lock";
			outputFileListPaths = (
			);
			outputPaths = (
				"$(DERIVED_FILE_DIR)/Pods-MySight-checkManifestLockResult.txt",
			);
			runOnlyForDeploymentPostprocessing = 0;
			shellPath = /bin/sh;
			shellScript = "diff \"${PODS_PODFILE_DIR_PATH}/Podfile.lock\" \"${PODS_ROOT}/Manifest.lock\" > /dev/null\nif [ $? != 0 ] ; then\n    # print error to STDERR\n    echo \"error: The sandbox is not in sync with the Podfile.lock. Run 'pod install' or update your CocoaPods installation.\" >&2\n    exit 1\nfi\n# This output is used by Xcode 'outputs' to avoid re-running this script phase.\necho \"SUCCESS\" > \"${SCRIPT_OUTPUT_FILE_0}\"\n";
			showEnvVarsInLog = 0;
		};
		80AD89AC27932AF2007B514D /* [CP] Embed Pods Frameworks */ = {
			isa = PBXShellScriptBuildPhase;
			buildActionMask = 2147483647;
			files = (
			);
			inputFileListPaths = (
				"${PODS_ROOT}/Target Support Files/Pods-MySight/Pods-MySight-frameworks-${CONFIGURATION}-input-files.xcfilelist",
			);
			name = "[CP] Embed Pods Frameworks";
			outputFileListPaths = (
				"${PODS_ROOT}/Target Support Files/Pods-MySight/Pods-MySight-frameworks-${CONFIGURATION}-output-files.xcfilelist",
			);
			runOnlyForDeploymentPostprocessing = 0;
			shellPath = /bin/sh;
			shellScript = "\"${PODS_ROOT}/Target Support Files/Pods-MySight/Pods-MySight-frameworks.sh\"\n";
			showEnvVarsInLog = 0;
		};
		8208F047959BF37D589A1199 /* [CP] Embed Pods Frameworks */ = {
			isa = PBXShellScriptBuildPhase;
			buildActionMask = 2147483647;
			files = (
			);
			inputFileListPaths = (
				"${PODS_ROOT}/Target Support Files/Pods-MySight/Pods-MySight-frameworks-${CONFIGURATION}-input-files.xcfilelist",
			);
			name = "[CP] Embed Pods Frameworks";
			outputFileListPaths = (
				"${PODS_ROOT}/Target Support Files/Pods-MySight/Pods-MySight-frameworks-${CONFIGURATION}-output-files.xcfilelist",
			);
			runOnlyForDeploymentPostprocessing = 0;
			shellPath = /bin/sh;
			shellScript = "\"${PODS_ROOT}/Target Support Files/Pods-MySight/Pods-MySight-frameworks.sh\"\n";
			showEnvVarsInLog = 0;
		};
/* End PBXShellScriptBuildPhase section */

/* Begin PBXSourcesBuildPhase section */
		8045D3AB275163700001DD01 /* Sources */ = {
			isa = PBXSourcesBuildPhase;
			buildActionMask = 2147483647;
			files = (
				806D823C278207C500AE46E3 /* CondensibleText.swift in Sources */,
				806F8ECA2751647C00990F58 /* ImageView.swift in Sources */,
				806F8ECB2751647C00990F58 /* ContentView.swift in Sources */,
				80AC999D277A3869004AD7F9 /* View+DeviceRotation.swift in Sources */,
				806F8EB62751647C00990F58 /* View+Image.swift in Sources */,
				800BAA08275544A50092A478 /* Stacker.swift in Sources */,
				806F8EC12751647C00990F58 /* CVDProfileManager.swift in Sources */,
				806F8EBF2751647C00990F58 /* CVDAnalysisView.swift in Sources */,
				806F8EC62751647C00990F58 /* CVDAnalysisModel.swift in Sources */,
				806F8EB72751647C00990F58 /* ConfusionLineView.swift in Sources */,
				806F8EBA2751647C00990F58 /* Color+Assets.swift in Sources */,
				806F8EBD2751647C00990F58 /* ControlPanelView.swift in Sources */,
				80071C36275AA58C008CC16F /* Collection+SafeSubscript.swift in Sources */,
				806F8EBB2751647C00990F58 /* UIColor+Hex.swift in Sources */,
				806F8EC82751647C00990F58 /* ConfusionLine.swift in Sources */,
				806F8EBE2751647C00990F58 /* CVD.swift in Sources */,
				806F8EB92751647C00990F58 /* MySightApp.swift in Sources */,
				80071C34275A9C2D008CC16F /* LocalizedStringKey+Bundle.swift in Sources */,
				806F8EC02751647C00990F58 /* CVDAnalysisViewModel.swift in Sources */,
				806F8EBC2751647C00990F58 /* Color+Hex.swift in Sources */,
				806F8EC32751647C00990F58 /* ConfusionLineArrayView.swift in Sources */,
				80D68BF12786ECDD00547137 /* UIImage+CVD.swift in Sources */,
				80B37F5F27568074005BD783 /* PreviewDevices.swift in Sources */,
				806F8EB82751647C00990F58 /* CVDCameraSimulationView.swift in Sources */,
				806F8EC52751647C00990F58 /* CameraView.swift in Sources */,
				806F8EB32751647C00990F58 /* CVDFilter.swift in Sources */,
				806F8EC22751647C00990F58 /* ImagePicker.swift in Sources */,
				806F8EB42751647C00990F58 /* CVDFilter.metal in Sources */,
				806F8EC92751647C00990F58 /* CVDProfile.swift in Sources */,
				80157F05275CFC5900FCA090 /* CVDProfile+Strings.swift in Sources */,
				806F8EB52751647C00990F58 /* UserDefaults+CVDProfile.swift in Sources */,
				80AD89B72793300C007B514D /* SimulatorCameraView+MySight.swift in Sources */,
				806F8EC42751647C00990F58 /* Color+CVD.swift in Sources */,
			);
			runOnlyForDeploymentPostprocessing = 0;
		};
		80AD898327932AF2007B514D /* Sources */ = {
			isa = PBXSourcesBuildPhase;
			buildActionMask = 2147483647;
			files = (
				80AD898427932AF2007B514D /* CondensibleText.swift in Sources */,
				80AD898527932AF2007B514D /* ImageView.swift in Sources */,
				80AD898627932AF2007B514D /* ContentView.swift in Sources */,
				80AD898727932AF2007B514D /* View+DeviceRotation.swift in Sources */,
				80BE3DE0279DCBBB0054C91B /* UserDefaults+AppStoreScreenshots.swift in Sources */,
				80AD898827932AF2007B514D /* View+Image.swift in Sources */,
				80AD898927932AF2007B514D /* Stacker.swift in Sources */,
				80AD898A27932AF2007B514D /* CVDProfileManager.swift in Sources */,
				80AD898B27932AF2007B514D /* CVDAnalysisView.swift in Sources */,
				80AD898C27932AF2007B514D /* CVDAnalysisModel.swift in Sources */,
				80AD89B92793301E007B514D /* SimulatorCameraView+AppStoreScreenshots.swift in Sources */,
				80AD898D27932AF2007B514D /* ConfusionLineView.swift in Sources */,
				80AD898E27932AF2007B514D /* Color+Assets.swift in Sources */,
				80AD898F27932AF2007B514D /* ControlPanelView.swift in Sources */,
				80AD899027932AF2007B514D /* Collection+SafeSubscript.swift in Sources */,
				80AD899127932AF2007B514D /* UIColor+Hex.swift in Sources */,
				80AD899227932AF2007B514D /* ConfusionLine.swift in Sources */,
				80AD899327932AF2007B514D /* CVD.swift in Sources */,
				80BE3DDE279DBDD90054C91B /* AppStoreScreenshotsApp.swift in Sources */,
				80AD899527932AF2007B514D /* LocalizedStringKey+Bundle.swift in Sources */,
				80AD899627932AF2007B514D /* CVDAnalysisViewModel.swift in Sources */,
				80AD899727932AF2007B514D /* Color+Hex.swift in Sources */,
				80AD899827932AF2007B514D /* ConfusionLineArrayView.swift in Sources */,
				80AD899927932AF2007B514D /* UIImage+CVD.swift in Sources */,
				80AD899A27932AF2007B514D /* PreviewDevices.swift in Sources */,
				80AD899B27932AF2007B514D /* CVDCameraSimulationView.swift in Sources */,
				80AD899C27932AF2007B514D /* CameraView.swift in Sources */,
				80AD899D27932AF2007B514D /* CVDFilter.swift in Sources */,
				80AD899E27932AF2007B514D /* ImagePicker.swift in Sources */,
				80AD899F27932AF2007B514D /* CVDFilter.metal in Sources */,
				80AD89A027932AF2007B514D /* CVDProfile.swift in Sources */,
				80AD89A127932AF2007B514D /* CVDProfile+Strings.swift in Sources */,
				80AD89A227932AF2007B514D /* UserDefaults+CVDProfile.swift in Sources */,
				80AD89A327932AF2007B514D /* Color+CVD.swift in Sources */,
			);
			runOnlyForDeploymentPostprocessing = 0;
		};
		80B8BB4327933752002A57F0 /* Sources */ = {
			isa = PBXSourcesBuildPhase;
			buildActionMask = 2147483647;
			files = (
				80B8BB4A27933752002A57F0 /* AppStoreSceenshotsUITests.swift in Sources */,
				80B8BB53279337D6002A57F0 /* SnapshotHelper.swift in Sources */,
			);
			runOnlyForDeploymentPostprocessing = 0;
		};
/* End PBXSourcesBuildPhase section */

/* Begin PBXTargetDependency section */
		80B8BB4E27933752002A57F0 /* PBXTargetDependency */ = {
			isa = PBXTargetDependency;
			target = 80AD897F27932AF2007B514D /* AppStoreScreenshots */;
			targetProxy = 80B8BB4D27933752002A57F0 /* PBXContainerItemProxy */;
		};
		80C2A2932794814C00320C26 /* PBXTargetDependency */ = {
			isa = PBXTargetDependency;
			target = 8045D3AE275163700001DD01 /* MySight */;
			targetProxy = 80C2A2922794814C00320C26 /* PBXContainerItemProxy */;
		};
/* End PBXTargetDependency section */

/* Begin PBXVariantGroup section */
		80DBA3512767C513009528DA /* Localizable.strings */ = {
			isa = PBXVariantGroup;
			children = (
				80DBA3502767C513009528DA /* en-GB */,
				80DBA3522767C520009528DA /* en */,
				80ACEB86279778FF0000F093 /* en-US */,
			);
			name = Localizable.strings;
			sourceTree = "<group>";
		};
/* End PBXVariantGroup section */

/* Begin XCBuildConfiguration section */
		8045D3BB275163720001DD01 /* Debug */ = {
			isa = XCBuildConfiguration;
			buildSettings = {
				ALWAYS_SEARCH_USER_PATHS = NO;
				CLANG_ANALYZER_NONNULL = YES;
				CLANG_ANALYZER_NUMBER_OBJECT_CONVERSION = YES_AGGRESSIVE;
				CLANG_CXX_LANGUAGE_STANDARD = "gnu++17";
				CLANG_CXX_LIBRARY = "libc++";
				CLANG_ENABLE_MODULES = YES;
				CLANG_ENABLE_OBJC_ARC = YES;
				CLANG_ENABLE_OBJC_WEAK = YES;
				CLANG_WARN_BLOCK_CAPTURE_AUTORELEASING = YES;
				CLANG_WARN_BOOL_CONVERSION = YES;
				CLANG_WARN_COMMA = YES;
				CLANG_WARN_CONSTANT_CONVERSION = YES;
				CLANG_WARN_DEPRECATED_OBJC_IMPLEMENTATIONS = YES;
				CLANG_WARN_DIRECT_OBJC_ISA_USAGE = YES_ERROR;
				CLANG_WARN_DOCUMENTATION_COMMENTS = YES;
				CLANG_WARN_EMPTY_BODY = YES;
				CLANG_WARN_ENUM_CONVERSION = YES;
				CLANG_WARN_INFINITE_RECURSION = YES;
				CLANG_WARN_INT_CONVERSION = YES;
				CLANG_WARN_NON_LITERAL_NULL_CONVERSION = YES;
				CLANG_WARN_OBJC_IMPLICIT_RETAIN_SELF = YES;
				CLANG_WARN_OBJC_LITERAL_CONVERSION = YES;
				CLANG_WARN_OBJC_ROOT_CLASS = YES_ERROR;
				CLANG_WARN_QUOTED_INCLUDE_IN_FRAMEWORK_HEADER = YES;
				CLANG_WARN_RANGE_LOOP_ANALYSIS = YES;
				CLANG_WARN_STRICT_PROTOTYPES = YES;
				CLANG_WARN_SUSPICIOUS_MOVE = YES;
				CLANG_WARN_UNGUARDED_AVAILABILITY = YES_AGGRESSIVE;
				CLANG_WARN_UNREACHABLE_CODE = YES;
				CLANG_WARN__DUPLICATE_METHOD_MATCH = YES;
				COPY_PHASE_STRIP = NO;
				DEBUG_INFORMATION_FORMAT = dwarf;
				ENABLE_STRICT_OBJC_MSGSEND = YES;
				ENABLE_TESTABILITY = YES;
				GCC_C_LANGUAGE_STANDARD = gnu11;
				GCC_DYNAMIC_NO_PIC = NO;
				GCC_NO_COMMON_BLOCKS = YES;
				GCC_OPTIMIZATION_LEVEL = 0;
				GCC_PREPROCESSOR_DEFINITIONS = (
					"DEBUG=1",
					"$(inherited)",
				);
				GCC_WARN_64_TO_32_BIT_CONVERSION = YES;
				GCC_WARN_ABOUT_RETURN_TYPE = YES_ERROR;
				GCC_WARN_UNDECLARED_SELECTOR = YES;
				GCC_WARN_UNINITIALIZED_AUTOS = YES_AGGRESSIVE;
				GCC_WARN_UNUSED_FUNCTION = YES;
				GCC_WARN_UNUSED_VARIABLE = YES;
				IPHONEOS_DEPLOYMENT_TARGET = 15.0;
				MTL_ENABLE_DEBUG_INFO = INCLUDE_SOURCE;
				MTL_FAST_MATH = YES;
				ONLY_ACTIVE_ARCH = YES;
				SDKROOT = iphoneos;
				SWIFT_ACTIVE_COMPILATION_CONDITIONS = DEBUG;
				SWIFT_OPTIMIZATION_LEVEL = "-Onone";
			};
			name = Debug;
		};
		8045D3BC275163720001DD01 /* Release */ = {
			isa = XCBuildConfiguration;
			buildSettings = {
				ALWAYS_SEARCH_USER_PATHS = NO;
				CLANG_ANALYZER_NONNULL = YES;
				CLANG_ANALYZER_NUMBER_OBJECT_CONVERSION = YES_AGGRESSIVE;
				CLANG_CXX_LANGUAGE_STANDARD = "gnu++17";
				CLANG_CXX_LIBRARY = "libc++";
				CLANG_ENABLE_MODULES = YES;
				CLANG_ENABLE_OBJC_ARC = YES;
				CLANG_ENABLE_OBJC_WEAK = YES;
				CLANG_WARN_BLOCK_CAPTURE_AUTORELEASING = YES;
				CLANG_WARN_BOOL_CONVERSION = YES;
				CLANG_WARN_COMMA = YES;
				CLANG_WARN_CONSTANT_CONVERSION = YES;
				CLANG_WARN_DEPRECATED_OBJC_IMPLEMENTATIONS = YES;
				CLANG_WARN_DIRECT_OBJC_ISA_USAGE = YES_ERROR;
				CLANG_WARN_DOCUMENTATION_COMMENTS = YES;
				CLANG_WARN_EMPTY_BODY = YES;
				CLANG_WARN_ENUM_CONVERSION = YES;
				CLANG_WARN_INFINITE_RECURSION = YES;
				CLANG_WARN_INT_CONVERSION = YES;
				CLANG_WARN_NON_LITERAL_NULL_CONVERSION = YES;
				CLANG_WARN_OBJC_IMPLICIT_RETAIN_SELF = YES;
				CLANG_WARN_OBJC_LITERAL_CONVERSION = YES;
				CLANG_WARN_OBJC_ROOT_CLASS = YES_ERROR;
				CLANG_WARN_QUOTED_INCLUDE_IN_FRAMEWORK_HEADER = YES;
				CLANG_WARN_RANGE_LOOP_ANALYSIS = YES;
				CLANG_WARN_STRICT_PROTOTYPES = YES;
				CLANG_WARN_SUSPICIOUS_MOVE = YES;
				CLANG_WARN_UNGUARDED_AVAILABILITY = YES_AGGRESSIVE;
				CLANG_WARN_UNREACHABLE_CODE = YES;
				CLANG_WARN__DUPLICATE_METHOD_MATCH = YES;
				COPY_PHASE_STRIP = NO;
				DEBUG_INFORMATION_FORMAT = "dwarf-with-dsym";
				ENABLE_NS_ASSERTIONS = NO;
				ENABLE_STRICT_OBJC_MSGSEND = YES;
				GCC_C_LANGUAGE_STANDARD = gnu11;
				GCC_NO_COMMON_BLOCKS = YES;
				GCC_WARN_64_TO_32_BIT_CONVERSION = YES;
				GCC_WARN_ABOUT_RETURN_TYPE = YES_ERROR;
				GCC_WARN_UNDECLARED_SELECTOR = YES;
				GCC_WARN_UNINITIALIZED_AUTOS = YES_AGGRESSIVE;
				GCC_WARN_UNUSED_FUNCTION = YES;
				GCC_WARN_UNUSED_VARIABLE = YES;
				IPHONEOS_DEPLOYMENT_TARGET = 15.0;
				MTL_ENABLE_DEBUG_INFO = NO;
				MTL_FAST_MATH = YES;
				SDKROOT = iphoneos;
				SWIFT_COMPILATION_MODE = wholemodule;
				SWIFT_OPTIMIZATION_LEVEL = "-O";
				VALIDATE_PRODUCT = YES;
			};
			name = Release;
		};
		8045D3BE275163720001DD01 /* Debug */ = {
			isa = XCBuildConfiguration;
			baseConfigurationReference = 596C8B18EB3216F8C1BB6BF9 /* Pods-MySight.debug.xcconfig */;
			buildSettings = {
				ASSETCATALOG_COMPILER_APPICON_NAME = AppIcon;
				ASSETCATALOG_COMPILER_GLOBAL_ACCENT_COLOR_NAME = AccentColor;
				CODE_SIGN_STYLE = Automatic;
				CURRENT_PROJECT_VERSION = 9;
				DEVELOPMENT_ASSET_PATHS = "\"MySight/Preview Content\"";
				DEVELOPMENT_TEAM = 8PKALBM6Q4;
				ENABLE_PREVIEWS = YES;
				GENERATE_INFOPLIST_FILE = YES;
				INFOPLIST_KEY_NSCameraUsageDescription = "We need to access your camera in order to show you live CVD simulations.";
				INFOPLIST_KEY_UIApplicationSceneManifest_Generation = YES;
				INFOPLIST_KEY_UIApplicationSupportsIndirectInputEvents = YES;
				INFOPLIST_KEY_UILaunchScreen_Generation = YES;
				INFOPLIST_KEY_UIRequiresFullScreen = YES;
				INFOPLIST_KEY_UISupportedInterfaceOrientations = "UIInterfaceOrientationPortrait UIInterfaceOrientationPortraitUpsideDown UIInterfaceOrientationLandscapeLeft UIInterfaceOrientationLandscapeRight";
				INFOPLIST_KEY_UISupportedInterfaceOrientations_iPad = "UIInterfaceOrientationPortrait UIInterfaceOrientationPortraitUpsideDown UIInterfaceOrientationLandscapeLeft UIInterfaceOrientationLandscapeRight";
				INFOPLIST_KEY_UISupportedInterfaceOrientations_iPhone = "UIInterfaceOrientationPortrait UIInterfaceOrientationPortraitUpsideDown UIInterfaceOrientationLandscapeLeft UIInterfaceOrientationLandscapeRight";
				LD_RUNPATH_SEARCH_PATHS = (
					"$(inherited)",
					"@executable_path/Frameworks",
				);
				MARKETING_VERSION = 0.0.1;
				PRODUCT_BUNDLE_IDENTIFIER = com.apokrupto.MySight;
				PRODUCT_NAME = "$(TARGET_NAME)";
				SWIFT_EMIT_LOC_STRINGS = YES;
				SWIFT_VERSION = 5.0;
				TARGETED_DEVICE_FAMILY = "1,2";
			};
			name = Debug;
		};
		8045D3BF275163720001DD01 /* Release */ = {
			isa = XCBuildConfiguration;
			baseConfigurationReference = 8B5210B0E2110E825A51CFBD /* Pods-MySight.release.xcconfig */;
			buildSettings = {
				ASSETCATALOG_COMPILER_APPICON_NAME = AppIcon;
				ASSETCATALOG_COMPILER_GLOBAL_ACCENT_COLOR_NAME = AccentColor;
				CODE_SIGN_STYLE = Automatic;
				CURRENT_PROJECT_VERSION = 9;
				DEVELOPMENT_ASSET_PATHS = "\"MySight/Preview Content\"";
				DEVELOPMENT_TEAM = 8PKALBM6Q4;
				ENABLE_PREVIEWS = YES;
				GENERATE_INFOPLIST_FILE = YES;
				INFOPLIST_KEY_NSCameraUsageDescription = "We need to access your camera in order to show you live CVD simulations.";
				INFOPLIST_KEY_UIApplicationSceneManifest_Generation = YES;
				INFOPLIST_KEY_UIApplicationSupportsIndirectInputEvents = YES;
				INFOPLIST_KEY_UILaunchScreen_Generation = YES;
				INFOPLIST_KEY_UIRequiresFullScreen = YES;
				INFOPLIST_KEY_UISupportedInterfaceOrientations = "UIInterfaceOrientationPortrait UIInterfaceOrientationPortraitUpsideDown UIInterfaceOrientationLandscapeLeft UIInterfaceOrientationLandscapeRight";
				INFOPLIST_KEY_UISupportedInterfaceOrientations_iPad = "UIInterfaceOrientationPortrait UIInterfaceOrientationPortraitUpsideDown UIInterfaceOrientationLandscapeLeft UIInterfaceOrientationLandscapeRight";
				INFOPLIST_KEY_UISupportedInterfaceOrientations_iPhone = "UIInterfaceOrientationPortrait UIInterfaceOrientationPortraitUpsideDown UIInterfaceOrientationLandscapeLeft UIInterfaceOrientationLandscapeRight";
				LD_RUNPATH_SEARCH_PATHS = (
					"$(inherited)",
					"@executable_path/Frameworks",
				);
				MARKETING_VERSION = 0.0.1;
				PRODUCT_BUNDLE_IDENTIFIER = com.apokrupto.MySight;
				PRODUCT_NAME = "$(TARGET_NAME)";
				SWIFT_EMIT_LOC_STRINGS = YES;
				SWIFT_VERSION = 5.0;
				TARGETED_DEVICE_FAMILY = "1,2";
			};
			name = Release;
		};
		80AD89AF27932AF2007B514D /* Debug */ = {
			isa = XCBuildConfiguration;
			baseConfigurationReference = 596C8B18EB3216F8C1BB6BF9 /* Pods-MySight.debug.xcconfig */;
			buildSettings = {
				ASSETCATALOG_COMPILER_APPICON_NAME = AppIcon;
				ASSETCATALOG_COMPILER_GLOBAL_ACCENT_COLOR_NAME = AccentColor;
				CODE_SIGN_STYLE = Automatic;
				CURRENT_PROJECT_VERSION = 0;
				DEVELOPMENT_ASSET_PATHS = "\"MySight/Preview Content\"";
				DEVELOPMENT_TEAM = 8PKALBM6Q4;
				ENABLE_PREVIEWS = YES;
				GENERATE_INFOPLIST_FILE = YES;
				INFOPLIST_KEY_NSCameraUsageDescription = "We need to access your camera in order to show you live CVD simulations.";
				INFOPLIST_KEY_UIApplicationSceneManifest_Generation = YES;
				INFOPLIST_KEY_UIApplicationSupportsIndirectInputEvents = YES;
				INFOPLIST_KEY_UILaunchScreen_Generation = YES;
				INFOPLIST_KEY_UIRequiresFullScreen = YES;
				INFOPLIST_KEY_UISupportedInterfaceOrientations = "UIInterfaceOrientationPortrait UIInterfaceOrientationPortraitUpsideDown UIInterfaceOrientationLandscapeLeft UIInterfaceOrientationLandscapeRight";
				INFOPLIST_KEY_UISupportedInterfaceOrientations_iPad = "UIInterfaceOrientationPortrait UIInterfaceOrientationPortraitUpsideDown UIInterfaceOrientationLandscapeLeft UIInterfaceOrientationLandscapeRight";
				INFOPLIST_KEY_UISupportedInterfaceOrientations_iPhone = "UIInterfaceOrientationPortrait UIInterfaceOrientationPortraitUpsideDown UIInterfaceOrientationLandscapeLeft UIInterfaceOrientationLandscapeRight";
				LD_RUNPATH_SEARCH_PATHS = (
					"$(inherited)",
					"@executable_path/Frameworks",
				);
				MARKETING_VERSION = 0.0.1;
				PRODUCT_BUNDLE_IDENTIFIER = com.apokrupto.AppStoreScreenshots;
				PRODUCT_NAME = AppStoreScreenshots;
				SWIFT_EMIT_LOC_STRINGS = YES;
				SWIFT_VERSION = 5.0;
				TARGETED_DEVICE_FAMILY = "1,2";
			};
			name = Debug;
		};
		80AD89B027932AF2007B514D /* Release */ = {
			isa = XCBuildConfiguration;
			baseConfigurationReference = 8B5210B0E2110E825A51CFBD /* Pods-MySight.release.xcconfig */;
			buildSettings = {
				ASSETCATALOG_COMPILER_APPICON_NAME = AppIcon;
				ASSETCATALOG_COMPILER_GLOBAL_ACCENT_COLOR_NAME = AccentColor;
				CODE_SIGN_STYLE = Automatic;
				CURRENT_PROJECT_VERSION = 0;
				DEVELOPMENT_ASSET_PATHS = "\"MySight/Preview Content\"";
				DEVELOPMENT_TEAM = 8PKALBM6Q4;
				ENABLE_PREVIEWS = YES;
				GENERATE_INFOPLIST_FILE = YES;
				INFOPLIST_KEY_NSCameraUsageDescription = "We need to access your camera in order to show you live CVD simulations.";
				INFOPLIST_KEY_UIApplicationSceneManifest_Generation = YES;
				INFOPLIST_KEY_UIApplicationSupportsIndirectInputEvents = YES;
				INFOPLIST_KEY_UILaunchScreen_Generation = YES;
				INFOPLIST_KEY_UIRequiresFullScreen = YES;
				INFOPLIST_KEY_UISupportedInterfaceOrientations = "UIInterfaceOrientationPortrait UIInterfaceOrientationPortraitUpsideDown UIInterfaceOrientationLandscapeLeft UIInterfaceOrientationLandscapeRight";
				INFOPLIST_KEY_UISupportedInterfaceOrientations_iPad = "UIInterfaceOrientationPortrait UIInterfaceOrientationPortraitUpsideDown UIInterfaceOrientationLandscapeLeft UIInterfaceOrientationLandscapeRight";
				INFOPLIST_KEY_UISupportedInterfaceOrientations_iPhone = "UIInterfaceOrientationPortrait UIInterfaceOrientationPortraitUpsideDown UIInterfaceOrientationLandscapeLeft UIInterfaceOrientationLandscapeRight";
				LD_RUNPATH_SEARCH_PATHS = (
					"$(inherited)",
					"@executable_path/Frameworks",
				);
				MARKETING_VERSION = 0.0.1;
				PRODUCT_BUNDLE_IDENTIFIER = com.apokrupto.AppStoreScreenshots;
				PRODUCT_NAME = AppStoreScreenshots;
				SWIFT_EMIT_LOC_STRINGS = YES;
				SWIFT_VERSION = 5.0;
				TARGETED_DEVICE_FAMILY = "1,2";
			};
			name = Release;
		};
		80B8BB4F27933752002A57F0 /* Debug */ = {
			isa = XCBuildConfiguration;
			buildSettings = {
				CODE_SIGN_STYLE = Automatic;
				CURRENT_PROJECT_VERSION = 1;
				DEVELOPMENT_TEAM = 8PKALBM6Q4;
				GENERATE_INFOPLIST_FILE = YES;
				LD_RUNPATH_SEARCH_PATHS = (
					"$(inherited)",
					"@executable_path/Frameworks",
					"@loader_path/Frameworks",
				);
				MARKETING_VERSION = 1.0;
				PRODUCT_BUNDLE_IDENTIFIER = com.apokrupto.AppStoreSceenshotsUITests;
				PRODUCT_NAME = "$(TARGET_NAME)";
				SWIFT_EMIT_LOC_STRINGS = NO;
				SWIFT_VERSION = 5.0;
				TARGETED_DEVICE_FAMILY = "1,2";
				TEST_TARGET_NAME = AppStoreScreenshots;
			};
			name = Debug;
		};
		80B8BB5027933752002A57F0 /* Release */ = {
			isa = XCBuildConfiguration;
			buildSettings = {
				CODE_SIGN_STYLE = Automatic;
				CURRENT_PROJECT_VERSION = 1;
				DEVELOPMENT_TEAM = 8PKALBM6Q4;
				GENERATE_INFOPLIST_FILE = YES;
				LD_RUNPATH_SEARCH_PATHS = (
					"$(inherited)",
					"@executable_path/Frameworks",
					"@loader_path/Frameworks",
				);
				MARKETING_VERSION = 1.0;
				PRODUCT_BUNDLE_IDENTIFIER = com.apokrupto.AppStoreSceenshotsUITests;
				PRODUCT_NAME = "$(TARGET_NAME)";
				SWIFT_EMIT_LOC_STRINGS = NO;
				SWIFT_VERSION = 5.0;
				TARGETED_DEVICE_FAMILY = "1,2";
				TEST_TARGET_NAME = AppStoreScreenshots;
			};
			name = Release;
		};
/* End XCBuildConfiguration section */

/* Begin XCConfigurationList section */
		8045D3AA275163700001DD01 /* Build configuration list for PBXProject "MySight" */ = {
			isa = XCConfigurationList;
			buildConfigurations = (
				8045D3BB275163720001DD01 /* Debug */,
				8045D3BC275163720001DD01 /* Release */,
			);
			defaultConfigurationIsVisible = 0;
			defaultConfigurationName = Release;
		};
		8045D3BD275163720001DD01 /* Build configuration list for PBXNativeTarget "MySight" */ = {
			isa = XCConfigurationList;
			buildConfigurations = (
				8045D3BE275163720001DD01 /* Debug */,
				8045D3BF275163720001DD01 /* Release */,
			);
			defaultConfigurationIsVisible = 0;
			defaultConfigurationName = Release;
		};
		80AD89AE27932AF2007B514D /* Build configuration list for PBXNativeTarget "AppStoreScreenshots" */ = {
			isa = XCConfigurationList;
			buildConfigurations = (
				80AD89AF27932AF2007B514D /* Debug */,
				80AD89B027932AF2007B514D /* Release */,
			);
			defaultConfigurationIsVisible = 0;
			defaultConfigurationName = Release;
		};
		80B8BB5127933752002A57F0 /* Build configuration list for PBXNativeTarget "AppStoreScreenshotsUITests" */ = {
			isa = XCConfigurationList;
			buildConfigurations = (
				80B8BB4F27933752002A57F0 /* Debug */,
				80B8BB5027933752002A57F0 /* Release */,
			);
			defaultConfigurationIsVisible = 0;
			defaultConfigurationName = Release;
		};
/* End XCConfigurationList section */

/* Begin XCRemoteSwiftPackageReference section */
		80AD898127932AF2007B514D /* XCRemoteSwiftPackageReference "ActivityView" */ = {
			isa = XCRemoteSwiftPackageReference;
			repositoryURL = "https://github.com/SwiftUI-Plus/ActivityView.git";
			requirement = {
				kind = upToNextMajorVersion;
				minimumVersion = 1.0.0;
			};
		};
		80B88B702756A1BC005CBFDA /* XCRemoteSwiftPackageReference "ActivityView" */ = {
			isa = XCRemoteSwiftPackageReference;
			repositoryURL = "https://github.com/SwiftUI-Plus/ActivityView.git";
			requirement = {
				kind = upToNextMajorVersion;
				minimumVersion = 1.0.0;
			};
		};
/* End XCRemoteSwiftPackageReference section */

/* Begin XCSwiftPackageProductDependency section */
		80AD898027932AF2007B514D /* ActivityView */ = {
			isa = XCSwiftPackageProductDependency;
			package = 80AD898127932AF2007B514D /* XCRemoteSwiftPackageReference "ActivityView" */;
			productName = ActivityView;
		};
		80B88B712756A1BC005CBFDA /* ActivityView */ = {
			isa = XCSwiftPackageProductDependency;
			package = 80B88B702756A1BC005CBFDA /* XCRemoteSwiftPackageReference "ActivityView" */;
			productName = ActivityView;
		};
/* End XCSwiftPackageProductDependency section */
	};
	rootObject = 8045D3A7275163700001DD01 /* Project object */;
}
